
Microsoft Visual Studio Solution File, Format Version 12.00
# Visual Studio Version 17
VisualStudioVersion = 17.3.32811.315
MinimumVisualStudioVersion = 10.0.40219.1
Project("{FAE04EC0-301F-11D3-BF4B-00C04F79EFBC}") = "Sample1", "Sample1\Sample1.csproj", "{F628B21C-CCF7-4EB3-AA17-B75B73464029}"
EndProject
Global
	GlobalSection(SolutionConfigurationPlatforms) = preSolution
		Debug|Any CPU = Debug|Any CPU
		Release|Any CPU = Release|Any CPU
	EndGlobalSection
	GlobalSection(ProjectConfigurationPlatforms) = postSolution
		{F628B21C-CCF7-4EB3-AA17-B75B73464029}.Debug|Any CPU.ActiveCfg = Debug|Any CPU
		{F628B21C-CCF7-4EB3-AA17-B75B73464029}.Debug|Any CPU.Build.0 = Debug|Any CPU
		{F628B21C-CCF7-4EB3-AA17-B75B73464029}.Release|Any CPU.ActiveCfg = Release|Any CPU
		{F628B21C-CCF7-4EB3-AA17-B75B73464029}.Release|Any CPU.Build.0 = Release|Any CPU
	EndGlobalSection
	GlobalSection(SolutionProperties) = preSolution
		HideSolutionNode = FALSE
	EndGlobalSection
	GlobalSection(ExtensibilityGlobals) = postSolution
		SolutionGuid = {C96BDD6C-E253-49EA-B4DD-459C338BA704}
	EndGlobalSection
EndGlobal
