
Microsoft Visual Studio Solution File, Format Version 12.00
# Visual Studio Version 17
VisualStudioVersion = 17.4.33110.190
MinimumVisualStudioVersion = 10.0.40219.1
Project("{FAE04EC0-301F-11D3-BF4B-00C04F79EFBC}") = "Sample1", "Sample1\Sample1.csproj", "{3C07D972-6567-4642-97EF-B85E0EC21040}"
EndProject
Global
	GlobalSection(SolutionConfigurationPlatforms) = preSolution
		Debug|Any CPU = Debug|Any CPU
		Release|Any CPU = Release|Any CPU
	EndGlobalSection
	GlobalSection(ProjectConfigurationPlatforms) = postSolution
		{3C07D972-6567-4642-97EF-B85E0EC21040}.Debug|Any CPU.ActiveCfg = Debug|Any CPU
		{3C07D972-6567-4642-97EF-B85E0EC21040}.Debug|Any CPU.Build.0 = Debug|Any CPU
		{3C07D972-6567-4642-97EF-B85E0EC21040}.Release|Any CPU.ActiveCfg = Release|Any CPU
		{3C07D972-6567-4642-97EF-B85E0EC21040}.Release|Any CPU.Build.0 = Release|Any CPU
	EndGlobalSection
	GlobalSection(SolutionProperties) = preSolution
		HideSolutionNode = FALSE
	EndGlobalSection
	GlobalSection(ExtensibilityGlobals) = postSolution
		SolutionGuid = {0495757B-38E1-452F-8935-BE89795DBE18}
	EndGlobalSection
EndGlobal
